
Microsoft Visual Studio Solution File, Format Version 12.00
# Visual Studio Version 17
VisualStudioVersion = 17.7.34221.43
MinimumVisualStudioVersion = 10.0.40219.1
Project("{FAE04EC0-301F-11D3-BF4B-00C04F79EFBC}") = "AdventOfCode", "AdventOfCode\AdventOfCode.csproj", "{4D17C51B-CD2A-4094-A235-FE22306073DD}"
EndProject
Project("{FAE04EC0-301F-11D3-BF4B-00C04F79EFBC}") = "AdventOfCode.Tests", "AdventOfCode.Tests\AdventOfCode.Tests.csproj", "{EBD7B666-B9CE-4F8F-A953-5D9DB2B598E7}"
EndProject
Global
	GlobalSection(SolutionConfigurationPlatforms) = preSolution
		Debug|Any CPU = Debug|Any CPU
		Release|Any CPU = Release|Any CPU
	EndGlobalSection
	GlobalSection(ProjectConfigurationPlatforms) = postSolution
		{4D17C51B-CD2A-4094-A235-FE22306073DD}.Debug|Any CPU.ActiveCfg = Debug|Any CPU
		{4D17C51B-CD2A-4094-A235-FE22306073DD}.Debug|Any CPU.Build.0 = Debug|Any CPU
		{4D17C51B-CD2A-4094-A235-FE22306073DD}.Release|Any CPU.ActiveCfg = Release|Any CPU
		{4D17C51B-CD2A-4094-A235-FE22306073DD}.Release|Any CPU.Build.0 = Release|Any CPU
		{EBD7B666-B9CE-4F8F-A953-5D9DB2B598E7}.Debug|Any CPU.ActiveCfg = Debug|Any CPU
		{EBD7B666-B9CE-4F8F-A953-5D9DB2B598E7}.Debug|Any CPU.Build.0 = Debug|Any CPU
		{EBD7B666-B9CE-4F8F-A953-5D9DB2B598E7}.Release|Any CPU.ActiveCfg = Release|Any CPU
		{EBD7B666-B9CE-4F8F-A953-5D9DB2B598E7}.Release|Any CPU.Build.0 = Release|Any CPU
	EndGlobalSection
	GlobalSection(SolutionProperties) = preSolution
		HideSolutionNode = FALSE
	EndGlobalSection
	GlobalSection(ExtensibilityGlobals) = postSolution
		SolutionGuid = {5AAB4796-993D-4EA1-9176-EEABEB519E23}
	EndGlobalSection
EndGlobal
